
Microsoft Visual Studio Solution File, Format Version 12.00
# Visual Studio 15
VisualStudioVersion = 15.0.27004.2010
MinimumVisualStudioVersion = 10.0.40219.1
Project("{00D1A9C2-B5F0-4AF3-8072-F6C62B433612}") = "HotelTamagotchi.Database", "HotelTamagotchi.Database\HotelTamagotchi.Database.sqlproj", "{B2995318-06B7-4A88-BF32-D02A222495E4}"
EndProject
Project("{FAE04EC0-301F-11D3-BF4B-00C04F79EFBC}") = "HotelTamagotchi.Model", "HotelTamagotchi.Model\HotelTamagotchi.Model.csproj", "{90B60CA2-1F6D-4C23-BEEC-C8E1311466E0}"
EndProject
Global
	GlobalSection(SolutionConfigurationPlatforms) = preSolution
		Debug|Any CPU = Debug|Any CPU
		Release|Any CPU = Release|Any CPU
	EndGlobalSection
	GlobalSection(ProjectConfigurationPlatforms) = postSolution
		{B2995318-06B7-4A88-BF32-D02A222495E4}.Debug|Any CPU.ActiveCfg = Debug|Any CPU
		{B2995318-06B7-4A88-BF32-D02A222495E4}.Debug|Any CPU.Build.0 = Debug|Any CPU
		{B2995318-06B7-4A88-BF32-D02A222495E4}.Debug|Any CPU.Deploy.0 = Debug|Any CPU
		{B2995318-06B7-4A88-BF32-D02A222495E4}.Release|Any CPU.ActiveCfg = Release|Any CPU
		{B2995318-06B7-4A88-BF32-D02A222495E4}.Release|Any CPU.Build.0 = Release|Any CPU
		{B2995318-06B7-4A88-BF32-D02A222495E4}.Release|Any CPU.Deploy.0 = Release|Any CPU
		{90B60CA2-1F6D-4C23-BEEC-C8E1311466E0}.Debug|Any CPU.ActiveCfg = Debug|Any CPU
		{90B60CA2-1F6D-4C23-BEEC-C8E1311466E0}.Debug|Any CPU.Build.0 = Debug|Any CPU
		{90B60CA2-1F6D-4C23-BEEC-C8E1311466E0}.Release|Any CPU.ActiveCfg = Release|Any CPU
		{90B60CA2-1F6D-4C23-BEEC-C8E1311466E0}.Release|Any CPU.Build.0 = Release|Any CPU
	EndGlobalSection
	GlobalSection(SolutionProperties) = preSolution
		HideSolutionNode = FALSE
	EndGlobalSection
	GlobalSection(ExtensibilityGlobals) = postSolution
		SolutionGuid = {CDD259A0-94EC-47AA-A549-594E97539DBA}
	EndGlobalSection
EndGlobal
